
Microsoft Visual Studio Solution File, Format Version 12.00
# Visual Studio 15
VisualStudioVersion = 15.0.26228.9
MinimumVisualStudioVersion = 10.0.40219.1
Project("{FAE04EC0-301F-11D3-BF4B-00C04F79EFBC}") = "GuitarResourceWebApplication", "GuitarResourceWebApplication\GuitarResourceWebApplication.csproj", "{57D39C12-7F22-438C-8477-8A2714B1A377}"
EndProject
Project("{FAE04EC0-301F-11D3-BF4B-00C04F79EFBC}") = "GuitarResourceWebApplication.Tests", "GuitarResourceWebApplication.Tests\GuitarResourceWebApplication.Tests.csproj", "{FC6BE65F-0D39-43DD-8EB7-27FAB0711943}"
EndProject
Global
	GlobalSection(SolutionConfigurationPlatforms) = preSolution
		Debug|Any CPU = Debug|Any CPU
		Release|Any CPU = Release|Any CPU
	EndGlobalSection
	GlobalSection(ProjectConfigurationPlatforms) = postSolution
		{57D39C12-7F22-438C-8477-8A2714B1A377}.Debug|Any CPU.ActiveCfg = Debug|Any CPU
		{57D39C12-7F22-438C-8477-8A2714B1A377}.Debug|Any CPU.Build.0 = Debug|Any CPU
		{57D39C12-7F22-438C-8477-8A2714B1A377}.Release|Any CPU.ActiveCfg = Release|Any CPU
		{57D39C12-7F22-438C-8477-8A2714B1A377}.Release|Any CPU.Build.0 = Release|Any CPU
		{FC6BE65F-0D39-43DD-8EB7-27FAB0711943}.Debug|Any CPU.ActiveCfg = Debug|Any CPU
		{FC6BE65F-0D39-43DD-8EB7-27FAB0711943}.Debug|Any CPU.Build.0 = Debug|Any CPU
		{FC6BE65F-0D39-43DD-8EB7-27FAB0711943}.Release|Any CPU.ActiveCfg = Release|Any CPU
		{FC6BE65F-0D39-43DD-8EB7-27FAB0711943}.Release|Any CPU.Build.0 = Release|Any CPU
	EndGlobalSection
	GlobalSection(SolutionProperties) = preSolution
		HideSolutionNode = FALSE
	EndGlobalSection
EndGlobal
